// !$*UTF8*$!
{
	archiveVersion = 1;
	classes = {
	};
	objectVersion = 56;
	objects = {

/* Begin PBXBuildFile section */
		2FA73A212B4FAC96004D1158 /* KeychainItem.swift in Sources */ = {isa = PBXBuildFile; fileRef = 2FA73A202B4FAC96004D1158 /* KeychainItem.swift */; };
		2FAE91DA2B4E9619007EE43C /* AppDelegate.swift in Sources */ = {isa = PBXBuildFile; fileRef = 2FAE91D92B4E9619007EE43C /* AppDelegate.swift */; };
		2FAE91DC2B4E9619007EE43C /* SceneDelegate.swift in Sources */ = {isa = PBXBuildFile; fileRef = 2FAE91DB2B4E9619007EE43C /* SceneDelegate.swift */; };
		2FAE91DE2B4E9619007EE43C /* LoginViewController.swift in Sources */ = {isa = PBXBuildFile; fileRef = 2FAE91DD2B4E9619007EE43C /* LoginViewController.swift */; };
		2FAE91E12B4E9619007EE43C /* Main.storyboard in Resources */ = {isa = PBXBuildFile; fileRef = 2FAE91DF2B4E9619007EE43C /* Main.storyboard */; };
		2FAE91E32B4E961E007EE43C /* Assets.xcassets in Resources */ = {isa = PBXBuildFile; fileRef = 2FAE91E22B4E961E007EE43C /* Assets.xcassets */; };
		2FAE91E62B4E961E007EE43C /* LaunchScreen.storyboard in Resources */ = {isa = PBXBuildFile; fileRef = 2FAE91E42B4E961E007EE43C /* LaunchScreen.storyboard */; };
		2FAE91EE2B4EB513007EE43C /* DashboardViewController.swift in Sources */ = {isa = PBXBuildFile; fileRef = 2FAE91ED2B4EB513007EE43C /* DashboardViewController.swift */; };
/* End PBXBuildFile section */

/* Begin PBXFileReference section */
		2FA73A202B4FAC96004D1158 /* KeychainItem.swift */ = {isa = PBXFileReference; lastKnownFileType = sourcecode.swift; path = KeychainItem.swift; sourceTree = "<group>"; };
		2FA73A222B4FB10A004D1158 /* UIKit-SSO.entitlements */ = {isa = PBXFileReference; lastKnownFileType = text.plist.entitlements; path = "UIKit-SSO.entitlements"; sourceTree = "<group>"; };
		2FAE91D62B4E9619007EE43C /* UIKit-SSO.app */ = {isa = PBXFileReference; explicitFileType = wrapper.application; includeInIndex = 0; path = "UIKit-SSO.app"; sourceTree = BUILT_PRODUCTS_DIR; };
		2FAE91D92B4E9619007EE43C /* AppDelegate.swift */ = {isa = PBXFileReference; lastKnownFileType = sourcecode.swift; path = AppDelegate.swift; sourceTree = "<group>"; };
		2FAE91DB2B4E9619007EE43C /* SceneDelegate.swift */ = {isa = PBXFileReference; lastKnownFileType = sourcecode.swift; path = SceneDelegate.swift; sourceTree = "<group>"; };
		2FAE91DD2B4E9619007EE43C /* LoginViewController.swift */ = {isa = PBXFileReference; lastKnownFileType = sourcecode.swift; path = LoginViewController.swift; sourceTree = "<group>"; };
		2FAE91E02B4E9619007EE43C /* Base */ = {isa = PBXFileReference; lastKnownFileType = file.storyboard; name = Base; path = Base.lproj/Main.storyboard; sourceTree = "<group>"; };
		2FAE91E22B4E961E007EE43C /* Assets.xcassets */ = {isa = PBXFileReference; lastKnownFileType = folder.assetcatalog; path = Assets.xcassets; sourceTree = "<group>"; };
		2FAE91E52B4E961E007EE43C /* Base */ = {isa = PBXFileReference; lastKnownFileType = file.storyboard; name = Base; path = Base.lproj/LaunchScreen.storyboard; sourceTree = "<group>"; };
		2FAE91E72B4E961E007EE43C /* Info.plist */ = {isa = PBXFileReference; lastKnownFileType = text.plist.xml; path = Info.plist; sourceTree = "<group>"; };
		2FAE91ED2B4EB513007EE43C /* DashboardViewController.swift */ = {isa = PBXFileReference; lastKnownFileType = sourcecode.swift; path = DashboardViewController.swift; sourceTree = "<group>"; };
/* End PBXFileReference section */

/* Begin PBXFrameworksBuildPhase section */
		2FAE91D32B4E9619007EE43C /* Frameworks */ = {
			isa = PBXFrameworksBuildPhase;
			buildActionMask = 2147483647;
			files = (
			);
			runOnlyForDeploymentPostprocessing = 0;
		};
/* End PBXFrameworksBuildPhase section */

/* Begin PBXGroup section */
		2FAE91CD2B4E9619007EE43C = {
			isa = PBXGroup;
			children = (
				2FAE91D82B4E9619007EE43C /* UIKit-SSO */,
				2FAE91D72B4E9619007EE43C /* Products */,
			);
			sourceTree = "<group>";
		};
		2FAE91D72B4E9619007EE43C /* Products */ = {
			isa = PBXGroup;
			children = (
				2FAE91D62B4E9619007EE43C /* UIKit-SSO.app */,
			);
			name = Products;
			sourceTree = "<group>";
		};
		2FAE91D82B4E9619007EE43C /* UIKit-SSO */ = {
			isa = PBXGroup;
			children = (
				2FA73A222B4FB10A004D1158 /* UIKit-SSO.entitlements */,
				2FAE91D92B4E9619007EE43C /* AppDelegate.swift */,
				2FAE91DB2B4E9619007EE43C /* SceneDelegate.swift */,
				2FAE91DD2B4E9619007EE43C /* LoginViewController.swift */,
				2FAE91ED2B4EB513007EE43C /* DashboardViewController.swift */,
				2FA73A202B4FAC96004D1158 /* KeychainItem.swift */,
				2FAE91DF2B4E9619007EE43C /* Main.storyboard */,
				2FAE91E22B4E961E007EE43C /* Assets.xcassets */,
				2FAE91E42B4E961E007EE43C /* LaunchScreen.storyboard */,
				2FAE91E72B4E961E007EE43C /* Info.plist */,
			);
			path = "UIKit-SSO";
			sourceTree = "<group>";
		};
/* End PBXGroup section */

/* Begin PBXNativeTarget section */
		2FAE91D52B4E9619007EE43C /* UIKit-SSO */ = {
			isa = PBXNativeTarget;
			buildConfigurationList = 2FAE91EA2B4E961E007EE43C /* Build configuration list for PBXNativeTarget "UIKit-SSO" */;
			buildPhases = (
				2FAE91D22B4E9619007EE43C /* Sources */,
				2FAE91D32B4E9619007EE43C /* Frameworks */,
				2FAE91D42B4E9619007EE43C /* Resources */,
			);
			buildRules = (
			);
			dependencies = (
			);
			name = "UIKit-SSO";
			productName = "UIKit-SSO";
			productReference = 2FAE91D62B4E9619007EE43C /* UIKit-SSO.app */;
			productType = "com.apple.product-type.application";
		};
/* End PBXNativeTarget section */

/* Begin PBXProject section */
		2FAE91CE2B4E9619007EE43C /* Project object */ = {
			isa = PBXProject;
			attributes = {
				BuildIndependentTargetsInParallel = 1;
				LastSwiftUpdateCheck = 1420;
				LastUpgradeCheck = 1420;
				TargetAttributes = {
					2FAE91D52B4E9619007EE43C = {
						CreatedOnToolsVersion = 14.2;
					};
				};
			};
			buildConfigurationList = 2FAE91D12B4E9619007EE43C /* Build configuration list for PBXProject "UIKit-SSO" */;
			compatibilityVersion = "Xcode 14.0";
			developmentRegion = en;
			hasScannedForEncodings = 0;
			knownRegions = (
				en,
				Base,
			);
			mainGroup = 2FAE91CD2B4E9619007EE43C;
			productRefGroup = 2FAE91D72B4E9619007EE43C /* Products */;
			projectDirPath = "";
			projectRoot = "";
			targets = (
				2FAE91D52B4E9619007EE43C /* UIKit-SSO */,
			);
		};
/* End PBXProject section */

/* Begin PBXResourcesBuildPhase section */
		2FAE91D42B4E9619007EE43C /* Resources */ = {
			isa = PBXResourcesBuildPhase;
			buildActionMask = 2147483647;
			files = (
				2FAE91E62B4E961E007EE43C /* LaunchScreen.storyboard in Resources */,
				2FAE91E32B4E961E007EE43C /* Assets.xcassets in Resources */,
				2FAE91E12B4E9619007EE43C /* Main.storyboard in Resources */,
			);
			runOnlyForDeploymentPostprocessing = 0;
		};
/* End PBXResourcesBuildPhase section */

/* Begin PBXSourcesBuildPhase section */
		2FAE91D22B4E9619007EE43C /* Sources */ = {
			isa = PBXSourcesBuildPhase;
			buildActionMask = 2147483647;
			files = (
				2FAE91DE2B4E9619007EE43C /* LoginViewController.swift in Sources */,
				2FAE91DA2B4E9619007EE43C /* AppDelegate.swift in Sources */,
				2FA73A212B4FAC96004D1158 /* KeychainItem.swift in Sources */,
				2FAE91DC2B4E9619007EE43C /* SceneDelegate.swift in Sources */,
				2FAE91EE2B4EB513007EE43C /* DashboardViewController.swift in Sources */,
			);
			runOnlyForDeploymentPostprocessing = 0;
		};
/* End PBXSourcesBuildPhase section */

/* Begin PBXVariantGroup section */
		2FAE91DF2B4E9619007EE43C /* Main.storyboard */ = {
			isa = PBXVariantGroup;
			children = (
				2FAE91E02B4E9619007EE43C /* Base */,
			);
			name = Main.storyboard;
			sourceTree = "<group>";
		};
		2FAE91E42B4E961E007EE43C /* LaunchScreen.storyboard */ = {
			isa = PBXVariantGroup;
			children = (
				2FAE91E52B4E961E007EE43C /* Base */,
			);
			name = LaunchScreen.storyboard;
			sourceTree = "<group>";
		};
/* End PBXVariantGroup section */

/* Begin XCBuildConfiguration section */
		2FAE91E82B4E961E007EE43C /* Debug */ = {
			isa = XCBuildConfiguration;
			buildSettings = {
				ALWAYS_SEARCH_USER_PATHS = NO;
				CLANG_ANALYZER_NONNULL = YES;
				CLANG_ANALYZER_NUMBER_OBJECT_CONVERSION = YES_AGGRESSIVE;
				CLANG_CXX_LANGUAGE_STANDARD = "gnu++20";
				CLANG_ENABLE_MODULES = YES;
				CLANG_ENABLE_OBJC_ARC = YES;
				CLANG_ENABLE_OBJC_WEAK = YES;
				CLANG_WARN_BLOCK_CAPTURE_AUTORELEASING = YES;
				CLANG_WARN_BOOL_CONVERSION = YES;
				CLANG_WARN_COMMA = YES;
				CLANG_WARN_CONSTANT_CONVERSION = YES;
				CLANG_WARN_DEPRECATED_OBJC_IMPLEMENTATIONS = YES;
				CLANG_WARN_DIRECT_OBJC_ISA_USAGE = YES_ERROR;
				CLANG_WARN_DOCUMENTATION_COMMENTS = YES;
				CLANG_WARN_EMPTY_BODY = YES;
				CLANG_WARN_ENUM_CONVERSION = YES;
				CLANG_WARN_INFINITE_RECURSION = YES;
				CLANG_WARN_INT_CONVERSION = YES;
				CLANG_WARN_NON_LITERAL_NULL_CONVERSION = YES;
				CLANG_WARN_OBJC_IMPLICIT_RETAIN_SELF = YES;
				CLANG_WARN_OBJC_LITERAL_CONVERSION = YES;
				CLANG_WARN_OBJC_ROOT_CLASS = YES_ERROR;
				CLANG_WARN_QUOTED_INCLUDE_IN_FRAMEWORK_HEADER = YES;
				CLANG_WARN_RANGE_LOOP_ANALYSIS = YES;
				CLANG_WARN_STRICT_PROTOTYPES = YES;
				CLANG_WARN_SUSPICIOUS_MOVE = YES;
				CLANG_WARN_UNGUARDED_AVAILABILITY = YES_AGGRESSIVE;
				CLANG_WARN_UNREACHABLE_CODE = YES;
				CLANG_WARN__DUPLICATE_METHOD_MATCH = YES;
				COPY_PHASE_STRIP = NO;
				DEBUG_INFORMATION_FORMAT = dwarf;
				ENABLE_STRICT_OBJC_MSGSEND = YES;
				ENABLE_TESTABILITY = YES;
				GCC_C_LANGUAGE_STANDARD = gnu11;
				GCC_DYNAMIC_NO_PIC = NO;
				GCC_NO_COMMON_BLOCKS = YES;
				GCC_OPTIMIZATION_LEVEL = 0;
				GCC_PREPROCESSOR_DEFINITIONS = (
					"DEBUG=1",
					"$(inherited)",
				);
				GCC_WARN_64_TO_32_BIT_CONVERSION = YES;
				GCC_WARN_ABOUT_RETURN_TYPE = YES_ERROR;
				GCC_WARN_UNDECLARED_SELECTOR = YES;
				GCC_WARN_UNINITIALIZED_AUTOS = YES_AGGRESSIVE;
				GCC_WARN_UNUSED_FUNCTION = YES;
				GCC_WARN_UNUSED_VARIABLE = YES;
				IPHONEOS_DEPLOYMENT_TARGET = 16.2;
				MTL_ENABLE_DEBUG_INFO = INCLUDE_SOURCE;
				MTL_FAST_MATH = YES;
				ONLY_ACTIVE_ARCH = YES;
				SDKROOT = iphoneos;
				SWIFT_ACTIVE_COMPILATION_CONDITIONS = DEBUG;
				SWIFT_OPTIMIZATION_LEVEL = "-Onone";
			};
			name = Debug;
		};
		2FAE91E92B4E961E007EE43C /* Release */ = {
			isa = XCBuildConfiguration;
			buildSettings = {
				ALWAYS_SEARCH_USER_PATHS = NO;
				CLANG_ANALYZER_NONNULL = YES;
				CLANG_ANALYZER_NUMBER_OBJECT_CONVERSION = YES_AGGRESSIVE;
				CLANG_CXX_LANGUAGE_STANDARD = "gnu++20";
				CLANG_ENABLE_MODULES = YES;
				CLANG_ENABLE_OBJC_ARC = YES;
				CLANG_ENABLE_OBJC_WEAK = YES;
				CLANG_WARN_BLOCK_CAPTURE_AUTORELEASING = YES;
				CLANG_WARN_BOOL_CONVERSION = YES;
				CLANG_WARN_COMMA = YES;
				CLANG_WARN_CONSTANT_CONVERSION = YES;
				CLANG_WARN_DEPRECATED_OBJC_IMPLEMENTATIONS = YES;
				CLANG_WARN_DIRECT_OBJC_ISA_USAGE = YES_ERROR;
				CLANG_WARN_DOCUMENTATION_COMMENTS = YES;
				CLANG_WARN_EMPTY_BODY = YES;
				CLANG_WARN_ENUM_CONVERSION = YES;
				CLANG_WARN_INFINITE_RECURSION = YES;
				CLANG_WARN_INT_CONVERSION = YES;
				CLANG_WARN_NON_LITERAL_NULL_CONVERSION = YES;
				CLANG_WARN_OBJC_IMPLICIT_RETAIN_SELF = YES;
				CLANG_WARN_OBJC_LITERAL_CONVERSION = YES;
				CLANG_WARN_OBJC_ROOT_CLASS = YES_ERROR;
				CLANG_WARN_QUOTED_INCLUDE_IN_FRAMEWORK_HEADER = YES;
				CLANG_WARN_RANGE_LOOP_ANALYSIS = YES;
				CLANG_WARN_STRICT_PROTOTYPES = YES;
				CLANG_WARN_SUSPICIOUS_MOVE = YES;
				CLANG_WARN_UNGUARDED_AVAILABILITY = YES_AGGRESSIVE;
				CLANG_WARN_UNREACHABLE_CODE = YES;
				CLANG_WARN__DUPLICATE_METHOD_MATCH = YES;
				COPY_PHASE_STRIP = NO;
				DEBUG_INFORMATION_FORMAT = "dwarf-with-dsym";
				ENABLE_NS_ASSERTIONS = NO;
				ENABLE_STRICT_OBJC_MSGSEND = YES;
				GCC_C_LANGUAGE_STANDARD = gnu11;
				GCC_NO_COMMON_BLOCKS = YES;
				GCC_WARN_64_TO_32_BIT_CONVERSION = YES;
				GCC_WARN_ABOUT_RETURN_TYPE = YES_ERROR;
				GCC_WARN_UNDECLARED_SELECTOR = YES;
				GCC_WARN_UNINITIALIZED_AUTOS = YES_AGGRESSIVE;
				GCC_WARN_UNUSED_FUNCTION = YES;
				GCC_WARN_UNUSED_VARIABLE = YES;
				IPHONEOS_DEPLOYMENT_TARGET = 16.2;
				MTL_ENABLE_DEBUG_INFO = NO;
				MTL_FAST_MATH = YES;
				SDKROOT = iphoneos;
				SWIFT_COMPILATION_MODE = wholemodule;
				SWIFT_OPTIMIZATION_LEVEL = "-O";
				VALIDATE_PRODUCT = YES;
			};
			name = Release;
		};
		2FAE91EB2B4E961E007EE43C /* Debug */ = {
			isa = XCBuildConfiguration;
			buildSettings = {
				ASSETCATALOG_COMPILER_APPICON_NAME = AppIcon;
				ASSETCATALOG_COMPILER_GLOBAL_ACCENT_COLOR_NAME = AccentColor;
				CODE_SIGN_ENTITLEMENTS = "UIKit-SSO/UIKit-SSO.entitlements";
				CODE_SIGN_STYLE = Automatic;
				CURRENT_PROJECT_VERSION = 1;
				GENERATE_INFOPLIST_FILE = YES;
				INFOPLIST_FILE = "UIKit-SSO/Info.plist";
				INFOPLIST_KEY_UIApplicationSupportsIndirectInputEvents = YES;
				INFOPLIST_KEY_UILaunchStoryboardName = LaunchScreen;
				INFOPLIST_KEY_UIMainStoryboardFile = Main;
				INFOPLIST_KEY_UISupportedInterfaceOrientations_iPad = "UIInterfaceOrientationPortrait UIInterfaceOrientationPortraitUpsideDown UIInterfaceOrientationLandscapeLeft UIInterfaceOrientationLandscapeRight";
				INFOPLIST_KEY_UISupportedInterfaceOrientations_iPhone = "UIInterfaceOrientationPortrait UIInterfaceOrientationLandscapeLeft UIInterfaceOrientationLandscapeRight";
				LD_RUNPATH_SEARCH_PATHS = (
					"$(inherited)",
					"@executable_path/Frameworks",
				);
				MARKETING_VERSION = 1.0;
				PRODUCT_BUNDLE_IDENTIFIER = "com.vignesh.UIKit-SSO";
				PRODUCT_NAME = "$(TARGET_NAME)";
				SWIFT_EMIT_LOC_STRINGS = YES;
				SWIFT_VERSION = 5.0;
				TARGETED_DEVICE_FAMILY = "1,2";
			};
			name = Debug;
		};
		2FAE91EC2B4E961E007EE43C /* Release */ = {
			isa = XCBuildConfiguration;
			buildSettings = {
				ASSETCATALOG_COMPILER_APPICON_NAME = AppIcon;
				ASSETCATALOG_COMPILER_GLOBAL_ACCENT_COLOR_NAME = AccentColor;
				CODE_SIGN_ENTITLEMENTS = "UIKit-SSO/UIKit-SSO.entitlements";
				CODE_SIGN_STYLE = Automatic;
				CURRENT_PROJECT_VERSION = 1;
				GENERATE_INFOPLIST_FILE = YES;
				INFOPLIST_FILE = "UIKit-SSO/Info.plist";
				INFOPLIST_KEY_UIApplicationSupportsIndirectInputEvents = YES;
				INFOPLIST_KEY_UILaunchStoryboardName = LaunchScreen;
				INFOPLIST_KEY_UIMainStoryboardFile = Main;
				INFOPLIST_KEY_UISupportedInterfaceOrientations_iPad = "UIInterfaceOrientationPortrait UIInterfaceOrientationPortraitUpsideDown UIInterfaceOrientationLandscapeLeft UIInterfaceOrientationLandscapeRight";
				INFOPLIST_KEY_UISupportedInterfaceOrientations_iPhone = "UIInterfaceOrientationPortrait UIInterfaceOrientationLandscapeLeft UIInterfaceOrientationLandscapeRight";
				LD_RUNPATH_SEARCH_PATHS = (
					"$(inherited)",
					"@executable_path/Frameworks",
				);
				MARKETING_VERSION = 1.0;
				PRODUCT_BUNDLE_IDENTIFIER = "com.vignesh.UIKit-SSO";
				PRODUCT_NAME = "$(TARGET_NAME)";
				SWIFT_EMIT_LOC_STRINGS = YES;
				SWIFT_VERSION = 5.0;
				TARGETED_DEVICE_FAMILY = "1,2";
			};
			name = Release;
		};
/* End XCBuildConfiguration section */

/* Begin XCConfigurationList section */
		2FAE91D12B4E9619007EE43C /* Build configuration list for PBXProject "UIKit-SSO" */ = {
			isa = XCConfigurationList;
			buildConfigurations = (
				2FAE91E82B4E961E007EE43C /* Debug */,
				2FAE91E92B4E961E007EE43C /* Release */,
			);
			defaultConfigurationIsVisible = 0;
			defaultConfigurationName = Release;
		};
		2FAE91EA2B4E961E007EE43C /* Build configuration list for PBXNativeTarget "UIKit-SSO" */ = {
			isa = XCConfigurationList;
			buildConfigurations = (
				2FAE91EB2B4E961E007EE43C /* Debug */,
				2FAE91EC2B4E961E007EE43C /* Release */,
			);
			defaultConfigurationIsVisible = 0;
			defaultConfigurationName = Release;
		};
/* End XCConfigurationList section */
	};
	rootObject = 2FAE91CE2B4E9619007EE43C /* Project object */;
}
